{
    "name": "font-su-docs",
    "version": "1.0.0",
    "lockfileVersion": 1,
    "requires": true,
    "dependencies": {
        "font-su": {
            "version": "git+https://github.com/Starchup/font-su.git#deba0e4d179fd35f572e2eb8f057676822960812",
            "from": "git+https://github.com/Starchup/font-su.git"
        }
    }
}
