{
    "name": "font-su-docs",
    "version": "1.0.0",
    "lockfileVersion": 1,
    "requires": true,
    "dependencies": {
        "font-su": {
            "version": "git+https://github.com/Starchup/font-su.git#2675709dc415b006c5a452dea7e61a5589d43c8d",
            "from": "git+https://github.com/Starchup/font-su.git"
        }
    }
}
