{
    "name": "font-su-docs",
    "version": "1.0.0",
    "lockfileVersion": 1,
    "requires": true,
    "dependencies": {
        "font-su": {
            "version": "git+https://github.com/Starchup/font-su.git#43541ca12e1be4a7f51811649d78d6205c9fcacc",
            "from": "git+https://github.com/Starchup/font-su.git"
        }
    }
}
